
Microsoft Visual Studio Solution File, Format Version 12.00
# Visual Studio for Mac
Project("{FAE04EC0-301F-11D3-BF4B-00C04F79EFBC}") = "Assembly-CSharp", "Assembly-CSharp.csproj", "{210D8D06-5C5D-90E4-0FE6-C12E58D3BC84}"
EndProject
Project("{FAE04EC0-301F-11D3-BF4B-00C04F79EFBC}") = "Assembly-CSharp-firstpass", "Assembly-CSharp-firstpass.csproj", "{E8E60714-7E5F-A30C-7942-4DAAF5CFB02F}"
EndProject
Global
	GlobalSection(SolutionConfigurationPlatforms) = preSolution
		Debug|Any CPU = Debug|Any CPU
		Release|Any CPU = Release|Any CPU
	EndGlobalSection
	GlobalSection(ProjectConfigurationPlatforms) = postSolution
		{210D8D06-5C5D-90E4-0FE6-C12E58D3BC84}.Debug|Any CPU.ActiveCfg = Debug|Any CPU
		{210D8D06-5C5D-90E4-0FE6-C12E58D3BC84}.Debug|Any CPU.Build.0 = Debug|Any CPU
		{210D8D06-5C5D-90E4-0FE6-C12E58D3BC84}.Release|Any CPU.ActiveCfg = Release|Any CPU
		{210D8D06-5C5D-90E4-0FE6-C12E58D3BC84}.Release|Any CPU.Build.0 = Release|Any CPU
		{E8E60714-7E5F-A30C-7942-4DAAF5CFB02F}.Debug|Any CPU.ActiveCfg = Debug|Any CPU
		{E8E60714-7E5F-A30C-7942-4DAAF5CFB02F}.Debug|Any CPU.Build.0 = Debug|Any CPU
		{E8E60714-7E5F-A30C-7942-4DAAF5CFB02F}.Release|Any CPU.ActiveCfg = Release|Any CPU
		{E8E60714-7E5F-A30C-7942-4DAAF5CFB02F}.Release|Any CPU.Build.0 = Release|Any CPU
	EndGlobalSection
	GlobalSection(SolutionProperties) = preSolution
		HideSolutionNode = FALSE
	EndGlobalSection
EndGlobal
